
Microsoft Visual Studio Solution File, Format Version 12.00
# Visual Studio Version 17
VisualStudioVersion = 17.3.32825.248
MinimumVisualStudioVersion = 10.0.40219.1
Project("{FAE04EC0-301F-11D3-BF4B-00C04F79EFBC}") = "QuickSort", "QuickSort\QuickSort.csproj", "{F2B67FAD-5B61-41CE-92F2-89BB813340E3}"
EndProject
Global
	GlobalSection(SolutionConfigurationPlatforms) = preSolution
		Debug|Any CPU = Debug|Any CPU
		Release|Any CPU = Release|Any CPU
	EndGlobalSection
	GlobalSection(ProjectConfigurationPlatforms) = postSolution
		{F2B67FAD-5B61-41CE-92F2-89BB813340E3}.Debug|Any CPU.ActiveCfg = Debug|Any CPU
		{F2B67FAD-5B61-41CE-92F2-89BB813340E3}.Debug|Any CPU.Build.0 = Debug|Any CPU
		{F2B67FAD-5B61-41CE-92F2-89BB813340E3}.Release|Any CPU.ActiveCfg = Release|Any CPU
		{F2B67FAD-5B61-41CE-92F2-89BB813340E3}.Release|Any CPU.Build.0 = Release|Any CPU
	EndGlobalSection
	GlobalSection(SolutionProperties) = preSolution
		HideSolutionNode = FALSE
	EndGlobalSection
	GlobalSection(ExtensibilityGlobals) = postSolution
		SolutionGuid = {A69F7A77-A2D4-4F03-B9A5-FC50AD34D196}
	EndGlobalSection
EndGlobal
